// !$*UTF8*$!
{
	archiveVersion = 1;
	classes = {
	};
	objectVersion = 50;
	objects = {

/* Begin PBXBuildFile section */
		520E821E22157E7B00EB2FCA /* ExtensionUIView.swift in Sources */ = {isa = PBXBuildFile; fileRef = 520E821D22157E7B00EB2FCA /* ExtensionUIView.swift */; };
		520E8220221580A500EB2FCA /* ExtensionTranlateViewController.swift in Sources */ = {isa = PBXBuildFile; fileRef = 520E821F221580A500EB2FCA /* ExtensionTranlateViewController.swift */; };
		520E8223221587BB00EB2FCA /* ExtensionCurrencyController.swift in Sources */ = {isa = PBXBuildFile; fileRef = 520E8222221587BB00EB2FCA /* ExtensionCurrencyController.swift */; };
		520E82252215983A00EB2FCA /* Converter.swift in Sources */ = {isa = PBXBuildFile; fileRef = 520E82242215983A00EB2FCA /* Converter.swift */; };
		520E822D221E993F00EB2FCA /* ConverterService.swift in Sources */ = {isa = PBXBuildFile; fileRef = 520E822C221E993F00EB2FCA /* ConverterService.swift */; };
		520FE160220C878C0099A580 /* CustomTextView.swift in Sources */ = {isa = PBXBuildFile; fileRef = 520FE15F220C878C0099A580 /* CustomTextView.swift */; };
		52166DE921E147CC007C5BEF /* AppDelegate.swift in Sources */ = {isa = PBXBuildFile; fileRef = 52166DE821E147CC007C5BEF /* AppDelegate.swift */; };
		52166DEE21E147CC007C5BEF /* Main.storyboard in Resources */ = {isa = PBXBuildFile; fileRef = 52166DEC21E147CC007C5BEF /* Main.storyboard */; };
		52166DF021E147CD007C5BEF /* Assets.xcassets in Resources */ = {isa = PBXBuildFile; fileRef = 52166DEF21E147CD007C5BEF /* Assets.xcassets */; };
		52166DF321E147CD007C5BEF /* LaunchScreen.storyboard in Resources */ = {isa = PBXBuildFile; fileRef = 52166DF121E147CD007C5BEF /* LaunchScreen.storyboard */; };
		52166DFE21E147CD007C5BEF /* P9Tests.swift in Sources */ = {isa = PBXBuildFile; fileRef = 52166DFD21E147CD007C5BEF /* P9Tests.swift */; };
		52166E1021E14DDE007C5BEF /* CurrencyViewController.swift in Sources */ = {isa = PBXBuildFile; fileRef = 52166E0F21E14DDE007C5BEF /* CurrencyViewController.swift */; };
		522219A821F0B1AA0058788D /* GradientView.swift in Sources */ = {isa = PBXBuildFile; fileRef = 522219A721F0B1AA0058788D /* GradientView.swift */; };
		52495291224D85B7009E9DDF /* TranslaterAPIResult.swift in Sources */ = {isa = PBXBuildFile; fileRef = 52495290224D85B7009E9DDF /* TranslaterAPIResult.swift */; };
		52633E7721FFA81E0065FB61 /* WeatherViewController.swift in Sources */ = {isa = PBXBuildFile; fileRef = 52633E7621FFA81E0065FB61 /* WeatherViewController.swift */; };
		52633E7922021FD30065FB61 /* cityscape.ttf in Resources */ = {isa = PBXBuildFile; fileRef = 52633E7822021FD30065FB61 /* cityscape.ttf */; };
		52677D582245149C009A8C60 /* TranslaterService.swift in Sources */ = {isa = PBXBuildFile; fileRef = 52677D572245149C009A8C60 /* TranslaterService.swift */; };
		52777010224FCBFE00D48E3C /* Translater.swift in Sources */ = {isa = PBXBuildFile; fileRef = 5277700F224FCBFE00D48E3C /* Translater.swift */; };
		527770162250047700D48E3C /* Weather.swift in Sources */ = {isa = PBXBuildFile; fileRef = 527770152250047700D48E3C /* Weather.swift */; };
		5295BBCF225BB63D0003B927 /* ExtensionUIViewController.swift in Sources */ = {isa = PBXBuildFile; fileRef = 5295BBCE225BB63D0003B927 /* ExtensionUIViewController.swift */; };
		5295BBD2225BB7380003B927 /* Error.swift in Sources */ = {isa = PBXBuildFile; fileRef = 5295BBD1225BB7380003B927 /* Error.swift */; };
		5295BBD4225F24490003B927 /* Constants.swift in Sources */ = {isa = PBXBuildFile; fileRef = 5295BBD3225F24490003B927 /* Constants.swift */; };
		52AA307821F9143000D7BC3C /* CustomTextField.swift in Sources */ = {isa = PBXBuildFile; fileRef = 52AA307721F9143000D7BC3C /* CustomTextField.swift */; };
		52B0E531223C15E6000D9052 /* Console.swift in Sources */ = {isa = PBXBuildFile; fileRef = 52B0E530223C15E6000D9052 /* Console.swift */; };
		52B0E533223C38B8000D9052 /* API_Key.swift in Sources */ = {isa = PBXBuildFile; fileRef = 52B0E532223C38B8000D9052 /* API_Key.swift */; };
		52B9A57021F917B100D224AC /* CustomPickerView.swift in Sources */ = {isa = PBXBuildFile; fileRef = 52B9A56F21F917B100D224AC /* CustomPickerView.swift */; };
		52B9A57221F91B4D00D224AC /* TranlateViewController.swift in Sources */ = {isa = PBXBuildFile; fileRef = 52B9A57121F91B4D00D224AC /* TranlateViewController.swift */; };
		52C5617D222815DD005821EE /* ConverterAPIResult.swift in Sources */ = {isa = PBXBuildFile; fileRef = 52C5617C222815DD005821EE /* ConverterAPIResult.swift */; };
		52E4B689224E6162008DCFA8 /* WeatherAPIResult.swift in Sources */ = {isa = PBXBuildFile; fileRef = 52E4B688224E6162008DCFA8 /* WeatherAPIResult.swift */; };
		52E4B68E224E6A01008DCFA8 /* WeatherService.swift in Sources */ = {isa = PBXBuildFile; fileRef = 52E4B68D224E6A01008DCFA8 /* WeatherService.swift */; };
		52E4B695224E6C4D008DCFA8 /* ExtensionWeatherViewController.swift in Sources */ = {isa = PBXBuildFile; fileRef = 52E4B694224E6C4D008DCFA8 /* ExtensionWeatherViewController.swift */; };
		52E4B69B224E6E10008DCFA8 /* CurrenciesNames.swift in Sources */ = {isa = PBXBuildFile; fileRef = 52E4B69A224E6E10008DCFA8 /* CurrenciesNames.swift */; };
		52E4B69E224E6E71008DCFA8 /* Currencies.swift in Sources */ = {isa = PBXBuildFile; fileRef = 52E4B69D224E6E71008DCFA8 /* Currencies.swift */; };
		52E4B6A1224E6EC9008DCFA8 /* Languages.swift in Sources */ = {isa = PBXBuildFile; fileRef = 52E4B6A0224E6EC9008DCFA8 /* Languages.swift */; };
		52FA2B4D21F906CF00F32C56 /* CustomLabel.swift in Sources */ = {isa = PBXBuildFile; fileRef = 52FA2B4C21F906CF00F32C56 /* CustomLabel.swift */; };
/* End PBXBuildFile section */

/* Begin PBXContainerItemProxy section */
		52166DFA21E147CD007C5BEF /* PBXContainerItemProxy */ = {
			isa = PBXContainerItemProxy;
			containerPortal = 52166DDD21E147CC007C5BEF /* Project object */;
			proxyType = 1;
			remoteGlobalIDString = 52166DE421E147CC007C5BEF;
			remoteInfo = P9;
		};
/* End PBXContainerItemProxy section */

/* Begin PBXFileReference section */
		520E821D22157E7B00EB2FCA /* ExtensionUIView.swift */ = {isa = PBXFileReference; lastKnownFileType = sourcecode.swift; path = ExtensionUIView.swift; sourceTree = "<group>"; };
		520E821F221580A500EB2FCA /* ExtensionTranlateViewController.swift */ = {isa = PBXFileReference; lastKnownFileType = sourcecode.swift; path = ExtensionTranlateViewController.swift; sourceTree = "<group>"; };
		520E8222221587BB00EB2FCA /* ExtensionCurrencyController.swift */ = {isa = PBXFileReference; lastKnownFileType = sourcecode.swift; path = ExtensionCurrencyController.swift; sourceTree = "<group>"; };
		520E82242215983A00EB2FCA /* Converter.swift */ = {isa = PBXFileReference; lastKnownFileType = sourcecode.swift; path = Converter.swift; sourceTree = "<group>"; };
		520E822C221E993F00EB2FCA /* ConverterService.swift */ = {isa = PBXFileReference; lastKnownFileType = sourcecode.swift; path = ConverterService.swift; sourceTree = "<group>"; };
		520FE15F220C878C0099A580 /* CustomTextView.swift */ = {isa = PBXFileReference; lastKnownFileType = sourcecode.swift; path = CustomTextView.swift; sourceTree = "<group>"; };
		52166DE521E147CC007C5BEF /* P9.app */ = {isa = PBXFileReference; explicitFileType = wrapper.application; includeInIndex = 0; path = P9.app; sourceTree = BUILT_PRODUCTS_DIR; };
		52166DE821E147CC007C5BEF /* AppDelegate.swift */ = {isa = PBXFileReference; lastKnownFileType = sourcecode.swift; path = AppDelegate.swift; sourceTree = "<group>"; };
		52166DED21E147CC007C5BEF /* Base */ = {isa = PBXFileReference; lastKnownFileType = file.storyboard; name = Base; path = Base.lproj/Main.storyboard; sourceTree = "<group>"; };
		52166DEF21E147CD007C5BEF /* Assets.xcassets */ = {isa = PBXFileReference; lastKnownFileType = folder.assetcatalog; path = Assets.xcassets; sourceTree = "<group>"; };
		52166DF221E147CD007C5BEF /* Base */ = {isa = PBXFileReference; lastKnownFileType = file.storyboard; name = Base; path = Base.lproj/LaunchScreen.storyboard; sourceTree = "<group>"; };
		52166DF421E147CD007C5BEF /* Info.plist */ = {isa = PBXFileReference; lastKnownFileType = text.plist.xml; path = Info.plist; sourceTree = "<group>"; };
		52166DF921E147CD007C5BEF /* P9Tests.xctest */ = {isa = PBXFileReference; explicitFileType = wrapper.cfbundle; includeInIndex = 0; path = P9Tests.xctest; sourceTree = BUILT_PRODUCTS_DIR; };
		52166DFD21E147CD007C5BEF /* P9Tests.swift */ = {isa = PBXFileReference; lastKnownFileType = sourcecode.swift; path = P9Tests.swift; sourceTree = "<group>"; };
		52166DFF21E147CD007C5BEF /* Info.plist */ = {isa = PBXFileReference; lastKnownFileType = text.plist.xml; path = Info.plist; sourceTree = "<group>"; };
		52166E0F21E14DDE007C5BEF /* CurrencyViewController.swift */ = {isa = PBXFileReference; lastKnownFileType = sourcecode.swift; path = CurrencyViewController.swift; sourceTree = "<group>"; };
		522219A721F0B1AA0058788D /* GradientView.swift */ = {isa = PBXFileReference; lastKnownFileType = sourcecode.swift; path = GradientView.swift; sourceTree = "<group>"; };
		52495290224D85B7009E9DDF /* TranslaterAPIResult.swift */ = {isa = PBXFileReference; lastKnownFileType = sourcecode.swift; path = TranslaterAPIResult.swift; sourceTree = "<group>"; };
		52633E7621FFA81E0065FB61 /* WeatherViewController.swift */ = {isa = PBXFileReference; lastKnownFileType = sourcecode.swift; path = WeatherViewController.swift; sourceTree = "<group>"; };
		52633E7822021FD30065FB61 /* cityscape.ttf */ = {isa = PBXFileReference; lastKnownFileType = file; path = cityscape.ttf; sourceTree = "<group>"; };
		52677D572245149C009A8C60 /* TranslaterService.swift */ = {isa = PBXFileReference; lastKnownFileType = sourcecode.swift; path = TranslaterService.swift; sourceTree = "<group>"; };
		5277700F224FCBFE00D48E3C /* Translater.swift */ = {isa = PBXFileReference; lastKnownFileType = sourcecode.swift; path = Translater.swift; sourceTree = "<group>"; };
		527770152250047700D48E3C /* Weather.swift */ = {isa = PBXFileReference; lastKnownFileType = sourcecode.swift; path = Weather.swift; sourceTree = "<group>"; };
		5295BBCE225BB63D0003B927 /* ExtensionUIViewController.swift */ = {isa = PBXFileReference; lastKnownFileType = sourcecode.swift; path = ExtensionUIViewController.swift; sourceTree = "<group>"; };
		5295BBD1225BB7380003B927 /* Error.swift */ = {isa = PBXFileReference; lastKnownFileType = sourcecode.swift; path = Error.swift; sourceTree = "<group>"; };
		5295BBD3225F24490003B927 /* Constants.swift */ = {isa = PBXFileReference; lastKnownFileType = sourcecode.swift; path = Constants.swift; sourceTree = "<group>"; };
		52AA307721F9143000D7BC3C /* CustomTextField.swift */ = {isa = PBXFileReference; lastKnownFileType = sourcecode.swift; path = CustomTextField.swift; sourceTree = "<group>"; };
		52B0E530223C15E6000D9052 /* Console.swift */ = {isa = PBXFileReference; lastKnownFileType = sourcecode.swift; path = Console.swift; sourceTree = "<group>"; };
		52B0E532223C38B8000D9052 /* API_Key.swift */ = {isa = PBXFileReference; lastKnownFileType = sourcecode.swift; path = API_Key.swift; sourceTree = "<group>"; };
		52B9A56F21F917B100D224AC /* CustomPickerView.swift */ = {isa = PBXFileReference; lastKnownFileType = sourcecode.swift; path = CustomPickerView.swift; sourceTree = "<group>"; };
		52B9A57121F91B4D00D224AC /* TranlateViewController.swift */ = {isa = PBXFileReference; lastKnownFileType = sourcecode.swift; path = TranlateViewController.swift; sourceTree = "<group>"; };
		52C5617C222815DD005821EE /* ConverterAPIResult.swift */ = {isa = PBXFileReference; lastKnownFileType = sourcecode.swift; path = ConverterAPIResult.swift; sourceTree = "<group>"; };
		52E4B688224E6162008DCFA8 /* WeatherAPIResult.swift */ = {isa = PBXFileReference; lastKnownFileType = sourcecode.swift; path = WeatherAPIResult.swift; sourceTree = "<group>"; };
		52E4B68D224E6A01008DCFA8 /* WeatherService.swift */ = {isa = PBXFileReference; lastKnownFileType = sourcecode.swift; path = WeatherService.swift; sourceTree = "<group>"; };
		52E4B694224E6C4D008DCFA8 /* ExtensionWeatherViewController.swift */ = {isa = PBXFileReference; lastKnownFileType = sourcecode.swift; path = ExtensionWeatherViewController.swift; sourceTree = "<group>"; };
		52E4B69A224E6E10008DCFA8 /* CurrenciesNames.swift */ = {isa = PBXFileReference; lastKnownFileType = sourcecode.swift; path = CurrenciesNames.swift; sourceTree = "<group>"; };
		52E4B69D224E6E71008DCFA8 /* Currencies.swift */ = {isa = PBXFileReference; lastKnownFileType = sourcecode.swift; path = Currencies.swift; sourceTree = "<group>"; };
		52E4B6A0224E6EC9008DCFA8 /* Languages.swift */ = {isa = PBXFileReference; lastKnownFileType = sourcecode.swift; path = Languages.swift; sourceTree = "<group>"; };
		52FA2B4C21F906CF00F32C56 /* CustomLabel.swift */ = {isa = PBXFileReference; lastKnownFileType = sourcecode.swift; path = CustomLabel.swift; sourceTree = "<group>"; };
/* End PBXFileReference section */

/* Begin PBXFrameworksBuildPhase section */
		52166DE221E147CC007C5BEF /* Frameworks */ = {
			isa = PBXFrameworksBuildPhase;
			buildActionMask = 2147483647;
			files = (
			);
			runOnlyForDeploymentPostprocessing = 0;
		};
		52166DF621E147CD007C5BEF /* Frameworks */ = {
			isa = PBXFrameworksBuildPhase;
			buildActionMask = 2147483647;
			files = (
			);
			runOnlyForDeploymentPostprocessing = 0;
		};
/* End PBXFrameworksBuildPhase section */

/* Begin PBXGroup section */
		520FE15C220B3DCE0099A580 /* Model */ = {
			isa = PBXGroup;
			children = (
				5295BBD3225F24490003B927 /* Constants.swift */,
				5277700E224FCA4300D48E3C /* Converter */,
				52777011224FCE3700D48E3C /* Translater */,
				52E4B68C224E69D4008DCFA8 /* Weather */,
				52E4B68F224E6A1E008DCFA8 /* API_Keys */,
				52E4B699224E6DE9008DCFA8 /* Enumerations */,
			);
			path = Model;
			sourceTree = "<group>";
		};
		52166DDC21E147CC007C5BEF = {
			isa = PBXGroup;
			children = (
				52166DE721E147CC007C5BEF /* P9 */,
				52166DFC21E147CD007C5BEF /* P9Tests */,
				52166DE621E147CC007C5BEF /* Products */,
			);
			sourceTree = "<group>";
		};
		52166DE621E147CC007C5BEF /* Products */ = {
			isa = PBXGroup;
			children = (
				52166DE521E147CC007C5BEF /* P9.app */,
				52166DF921E147CD007C5BEF /* P9Tests.xctest */,
			);
			name = Products;
			sourceTree = "<group>";
		};
		52166DE721E147CC007C5BEF /* P9 */ = {
			isa = PBXGroup;
			children = (
				52166DE821E147CC007C5BEF /* AppDelegate.swift */,
				52E4B698224E6DB8008DCFA8 /* Messages */,
				520FE15C220B3DCE0099A580 /* Model */,
				52166E0921E14B47007C5BEF /* View */,
				52166E0821E14B38007C5BEF /* Controller */,
				52E4B6AC224E72EB008DCFA8 /* Fonts */,
				52166DEF21E147CD007C5BEF /* Assets.xcassets */,
				52166DF421E147CD007C5BEF /* Info.plist */,
			);
			path = P9;
			sourceTree = "<group>";
		};
		52166DFC21E147CD007C5BEF /* P9Tests */ = {
			isa = PBXGroup;
			children = (
				52166DFD21E147CD007C5BEF /* P9Tests.swift */,
				52166DFF21E147CD007C5BEF /* Info.plist */,
			);
			path = P9Tests;
			sourceTree = "<group>";
		};
		52166E0821E14B38007C5BEF /* Controller */ = {
			isa = PBXGroup;
			children = (
				52E4B690224E6BF1008DCFA8 /* Converter */,
				52E4B691224E6C05008DCFA8 /* Translater */,
				52E4B692224E6C0D008DCFA8 /* Weather */,
				5295BBCE225BB63D0003B927 /* ExtensionUIViewController.swift */,
			);
			path = Controller;
			sourceTree = "<group>";
		};
		52166E0921E14B47007C5BEF /* View */ = {
			isa = PBXGroup;
			children = (
				52166DEC21E147CC007C5BEF /* Main.storyboard */,
				52166DF121E147CD007C5BEF /* LaunchScreen.storyboard */,
				522219A721F0B1AA0058788D /* GradientView.swift */,
				520FE15F220C878C0099A580 /* CustomTextView.swift */,
				52FA2B4C21F906CF00F32C56 /* CustomLabel.swift */,
				52AA307721F9143000D7BC3C /* CustomTextField.swift */,
				52B9A56F21F917B100D224AC /* CustomPickerView.swift */,
				520E821D22157E7B00EB2FCA /* ExtensionUIView.swift */,
			);
			path = View;
			sourceTree = "<group>";
		};
		5277700E224FCA4300D48E3C /* Converter */ = {
			isa = PBXGroup;
			children = (
				520E82242215983A00EB2FCA /* Converter.swift */,
				52777013224FCE7A00D48E3C /* api */,
			);
			path = Converter;
			sourceTree = "<group>";
		};
		52777011224FCE3700D48E3C /* Translater */ = {
			isa = PBXGroup;
			children = (
				5277700F224FCBFE00D48E3C /* Translater.swift */,
				52777012224FCE5600D48E3C /* api */,
			);
			path = Translater;
			sourceTree = "<group>";
		};
		52777012224FCE5600D48E3C /* api */ = {
			isa = PBXGroup;
			children = (
				52495290224D85B7009E9DDF /* TranslaterAPIResult.swift */,
				52677D572245149C009A8C60 /* TranslaterService.swift */,
			);
			path = api;
			sourceTree = "<group>";
		};
		52777013224FCE7A00D48E3C /* api */ = {
			isa = PBXGroup;
			children = (
				52C5617C222815DD005821EE /* ConverterAPIResult.swift */,
				520E822C221E993F00EB2FCA /* ConverterService.swift */,
			);
			path = api;
			sourceTree = "<group>";
		};
		52777014224FCEB300D48E3C /* api */ = {
			isa = PBXGroup;
			children = (
				52E4B688224E6162008DCFA8 /* WeatherAPIResult.swift */,
				52E4B68D224E6A01008DCFA8 /* WeatherService.swift */,
			);
			path = api;
			sourceTree = "<group>";
		};
		5295BBD0225BB7200003B927 /* Error */ = {
			isa = PBXGroup;
			children = (
				5295BBD1225BB7380003B927 /* Error.swift */,
			);
			path = Error;
			sourceTree = "<group>";
		};
		52E4B68C224E69D4008DCFA8 /* Weather */ = {
			isa = PBXGroup;
			children = (
				527770152250047700D48E3C /* Weather.swift */,
				52777014224FCEB300D48E3C /* api */,
			);
			path = Weather;
			sourceTree = "<group>";
		};
		52E4B68F224E6A1E008DCFA8 /* API_Keys */ = {
			isa = PBXGroup;
			children = (
				52B0E532223C38B8000D9052 /* API_Key.swift */,
			);
			path = API_Keys;
			sourceTree = "<group>";
		};
		52E4B690224E6BF1008DCFA8 /* Converter */ = {
			isa = PBXGroup;
			children = (
				52166E0F21E14DDE007C5BEF /* CurrencyViewController.swift */,
				52E4B697224E6C7D008DCFA8 /* Extensions */,
			);
			path = Converter;
			sourceTree = "<group>";
		};
		52E4B691224E6C05008DCFA8 /* Translater */ = {
			isa = PBXGroup;
			children = (
				52B9A57121F91B4D00D224AC /* TranlateViewController.swift */,
				52E4B696224E6C64008DCFA8 /* Extensions */,
			);
			path = Translater;
			sourceTree = "<group>";
		};
		52E4B692224E6C0D008DCFA8 /* Weather */ = {
			isa = PBXGroup;
			children = (
				52633E7621FFA81E0065FB61 /* WeatherViewController.swift */,
				52E4B693224E6C24008DCFA8 /* Extensions */,
			);
			path = Weather;
			sourceTree = "<group>";
		};
		52E4B693224E6C24008DCFA8 /* Extensions */ = {
			isa = PBXGroup;
			children = (
				52E4B694224E6C4D008DCFA8 /* ExtensionWeatherViewController.swift */,
			);
			name = Extensions;
			sourceTree = "<group>";
		};
		52E4B696224E6C64008DCFA8 /* Extensions */ = {
			isa = PBXGroup;
			children = (
				520E821F221580A500EB2FCA /* ExtensionTranlateViewController.swift */,
			);
			path = Extensions;
			sourceTree = "<group>";
		};
		52E4B697224E6C7D008DCFA8 /* Extensions */ = {
			isa = PBXGroup;
			children = (
				520E8222221587BB00EB2FCA /* ExtensionCurrencyController.swift */,
			);
			path = Extensions;
			sourceTree = "<group>";
		};
		52E4B698224E6DB8008DCFA8 /* Messages */ = {
			isa = PBXGroup;
			children = (
				5295BBD0225BB7200003B927 /* Error */,
				52E4B6AA224E72B7008DCFA8 /* Infos */,
			);
			path = Messages;
			sourceTree = "<group>";
		};
		52E4B699224E6DE9008DCFA8 /* Enumerations */ = {
			isa = PBXGroup;
			children = (
				52E4B69C224E6E2A008DCFA8 /* Converter */,
				52E4B69F224E6E95008DCFA8 /* Translater */,
			);
			path = Enumerations;
			sourceTree = "<group>";
		};
		52E4B69C224E6E2A008DCFA8 /* Converter */ = {
			isa = PBXGroup;
			children = (
				52E4B69A224E6E10008DCFA8 /* CurrenciesNames.swift */,
				52E4B69D224E6E71008DCFA8 /* Currencies.swift */,
			);
			path = Converter;
			sourceTree = "<group>";
		};
		52E4B69F224E6E95008DCFA8 /* Translater */ = {
			isa = PBXGroup;
			children = (
				52E4B6A0224E6EC9008DCFA8 /* Languages.swift */,
			);
			path = Translater;
			sourceTree = "<group>";
		};
		52E4B6AA224E72B7008DCFA8 /* Infos */ = {
			isa = PBXGroup;
			children = (
				52B0E530223C15E6000D9052 /* Console.swift */,
			);
			path = Infos;
			sourceTree = "<group>";
		};
		52E4B6AC224E72EB008DCFA8 /* Fonts */ = {
			isa = PBXGroup;
			children = (
				52633E7822021FD30065FB61 /* cityscape.ttf */,
			);
			path = Fonts;
			sourceTree = "<group>";
		};
/* End PBXGroup section */

/* Begin PBXNativeTarget section */
		52166DE421E147CC007C5BEF /* P9 */ = {
			isa = PBXNativeTarget;
			buildConfigurationList = 52166E0221E147CD007C5BEF /* Build configuration list for PBXNativeTarget "P9" */;
			buildPhases = (
				52166DE121E147CC007C5BEF /* Sources */,
				52166DE221E147CC007C5BEF /* Frameworks */,
				52166DE321E147CC007C5BEF /* Resources */,
			);
			buildRules = (
			);
			dependencies = (
			);
			name = P9;
			productName = P9;
			productReference = 52166DE521E147CC007C5BEF /* P9.app */;
			productType = "com.apple.product-type.application";
		};
		52166DF821E147CD007C5BEF /* P9Tests */ = {
			isa = PBXNativeTarget;
			buildConfigurationList = 52166E0521E147CD007C5BEF /* Build configuration list for PBXNativeTarget "P9Tests" */;
			buildPhases = (
				52166DF521E147CD007C5BEF /* Sources */,
				52166DF621E147CD007C5BEF /* Frameworks */,
				52166DF721E147CD007C5BEF /* Resources */,
			);
			buildRules = (
			);
			dependencies = (
				52166DFB21E147CD007C5BEF /* PBXTargetDependency */,
			);
			name = P9Tests;
			productName = P9Tests;
			productReference = 52166DF921E147CD007C5BEF /* P9Tests.xctest */;
			productType = "com.apple.product-type.bundle.unit-test";
		};
/* End PBXNativeTarget section */

/* Begin PBXProject section */
		52166DDD21E147CC007C5BEF /* Project object */ = {
			isa = PBXProject;
			attributes = {
				LastSwiftUpdateCheck = 1010;
				LastUpgradeCheck = 1010;
				ORGANIZATIONNAME = dylan;
				TargetAttributes = {
					52166DE421E147CC007C5BEF = {
						CreatedOnToolsVersion = 10.1;
					};
					52166DF821E147CD007C5BEF = {
						CreatedOnToolsVersion = 10.1;
						TestTargetID = 52166DE421E147CC007C5BEF;
					};
				};
			};
			buildConfigurationList = 52166DE021E147CC007C5BEF /* Build configuration list for PBXProject "P9" */;
			compatibilityVersion = "Xcode 9.3";
			developmentRegion = en;
			hasScannedForEncodings = 0;
			knownRegions = (
				en,
				Base,
			);
			mainGroup = 52166DDC21E147CC007C5BEF;
			productRefGroup = 52166DE621E147CC007C5BEF /* Products */;
			projectDirPath = "";
			projectRoot = "";
			targets = (
				52166DE421E147CC007C5BEF /* P9 */,
				52166DF821E147CD007C5BEF /* P9Tests */,
			);
		};
/* End PBXProject section */

/* Begin PBXResourcesBuildPhase section */
		52166DE321E147CC007C5BEF /* Resources */ = {
			isa = PBXResourcesBuildPhase;
			buildActionMask = 2147483647;
			files = (
				52166DF321E147CD007C5BEF /* LaunchScreen.storyboard in Resources */,
				52166DF021E147CD007C5BEF /* Assets.xcassets in Resources */,
				52633E7922021FD30065FB61 /* cityscape.ttf in Resources */,
				52166DEE21E147CC007C5BEF /* Main.storyboard in Resources */,
			);
			runOnlyForDeploymentPostprocessing = 0;
		};
		52166DF721E147CD007C5BEF /* Resources */ = {
			isa = PBXResourcesBuildPhase;
			buildActionMask = 2147483647;
			files = (
			);
			runOnlyForDeploymentPostprocessing = 0;
		};
/* End PBXResourcesBuildPhase section */

/* Begin PBXSourcesBuildPhase section */
		52166DE121E147CC007C5BEF /* Sources */ = {
			isa = PBXSourcesBuildPhase;
			buildActionMask = 2147483647;
			files = (
				520E8220221580A500EB2FCA /* ExtensionTranlateViewController.swift in Sources */,
				520E82252215983A00EB2FCA /* Converter.swift in Sources */,
				520E8223221587BB00EB2FCA /* ExtensionCurrencyController.swift in Sources */,
				52166DE921E147CC007C5BEF /* AppDelegate.swift in Sources */,
				52E4B68E224E6A01008DCFA8 /* WeatherService.swift in Sources */,
				5295BBD4225F24490003B927 /* Constants.swift in Sources */,
				52C5617D222815DD005821EE /* ConverterAPIResult.swift in Sources */,
				52E4B689224E6162008DCFA8 /* WeatherAPIResult.swift in Sources */,
				52E4B69E224E6E71008DCFA8 /* Currencies.swift in Sources */,
				527770162250047700D48E3C /* Weather.swift in Sources */,
				52166E1021E14DDE007C5BEF /* CurrencyViewController.swift in Sources */,
				52495291224D85B7009E9DDF /* TranslaterAPIResult.swift in Sources */,
				52777010224FCBFE00D48E3C /* Translater.swift in Sources */,
				52677D582245149C009A8C60 /* TranslaterService.swift in Sources */,
				52E4B695224E6C4D008DCFA8 /* ExtensionWeatherViewController.swift in Sources */,
				520E821E22157E7B00EB2FCA /* ExtensionUIView.swift in Sources */,
				522219A821F0B1AA0058788D /* GradientView.swift in Sources */,
				52B9A57021F917B100D224AC /* CustomPickerView.swift in Sources */,
				52B9A57221F91B4D00D224AC /* TranlateViewController.swift in Sources */,
				52B0E533223C38B8000D9052 /* API_Key.swift in Sources */,
				52E4B69B224E6E10008DCFA8 /* CurrenciesNames.swift in Sources */,
				5295BBCF225BB63D0003B927 /* ExtensionUIViewController.swift in Sources */,
				5295BBD2225BB7380003B927 /* Error.swift in Sources */,
				52633E7721FFA81E0065FB61 /* WeatherViewController.swift in Sources */,
				520FE160220C878C0099A580 /* CustomTextView.swift in Sources */,
				52FA2B4D21F906CF00F32C56 /* CustomLabel.swift in Sources */,
				520E822D221E993F00EB2FCA /* ConverterService.swift in Sources */,
				52AA307821F9143000D7BC3C /* CustomTextField.swift in Sources */,
				52B0E531223C15E6000D9052 /* Console.swift in Sources */,
				52E4B6A1224E6EC9008DCFA8 /* Languages.swift in Sources */,
			);
			runOnlyForDeploymentPostprocessing = 0;
		};
		52166DF521E147CD007C5BEF /* Sources */ = {
			isa = PBXSourcesBuildPhase;
			buildActionMask = 2147483647;
			files = (
				52166DFE21E147CD007C5BEF /* P9Tests.swift in Sources */,
			);
			runOnlyForDeploymentPostprocessing = 0;
		};
/* End PBXSourcesBuildPhase section */

/* Begin PBXTargetDependency section */
		52166DFB21E147CD007C5BEF /* PBXTargetDependency */ = {
			isa = PBXTargetDependency;
			target = 52166DE421E147CC007C5BEF /* P9 */;
			targetProxy = 52166DFA21E147CD007C5BEF /* PBXContainerItemProxy */;
		};
/* End PBXTargetDependency section */

/* Begin PBXVariantGroup section */
		52166DEC21E147CC007C5BEF /* Main.storyboard */ = {
			isa = PBXVariantGroup;
			children = (
				52166DED21E147CC007C5BEF /* Base */,
			);
			name = Main.storyboard;
			sourceTree = "<group>";
		};
		52166DF121E147CD007C5BEF /* LaunchScreen.storyboard */ = {
			isa = PBXVariantGroup;
			children = (
				52166DF221E147CD007C5BEF /* Base */,
			);
			name = LaunchScreen.storyboard;
			sourceTree = "<group>";
		};
/* End PBXVariantGroup section */

/* Begin XCBuildConfiguration section */
		52166E0021E147CD007C5BEF /* Debug */ = {
			isa = XCBuildConfiguration;
			buildSettings = {
				ALWAYS_SEARCH_USER_PATHS = NO;
				CLANG_ANALYZER_NONNULL = YES;
				CLANG_ANALYZER_NUMBER_OBJECT_CONVERSION = YES_AGGRESSIVE;
				CLANG_CXX_LANGUAGE_STANDARD = "gnu++14";
				CLANG_CXX_LIBRARY = "libc++";
				CLANG_ENABLE_MODULES = YES;
				CLANG_ENABLE_OBJC_ARC = YES;
				CLANG_ENABLE_OBJC_WEAK = YES;
				CLANG_WARN_BLOCK_CAPTURE_AUTORELEASING = YES;
				CLANG_WARN_BOOL_CONVERSION = YES;
				CLANG_WARN_COMMA = YES;
				CLANG_WARN_CONSTANT_CONVERSION = YES;
				CLANG_WARN_DEPRECATED_OBJC_IMPLEMENTATIONS = YES;
				CLANG_WARN_DIRECT_OBJC_ISA_USAGE = YES_ERROR;
				CLANG_WARN_DOCUMENTATION_COMMENTS = YES;
				CLANG_WARN_EMPTY_BODY = YES;
				CLANG_WARN_ENUM_CONVERSION = YES;
				CLANG_WARN_INFINITE_RECURSION = YES;
				CLANG_WARN_INT_CONVERSION = YES;
				CLANG_WARN_NON_LITERAL_NULL_CONVERSION = YES;
				CLANG_WARN_OBJC_IMPLICIT_RETAIN_SELF = YES;
				CLANG_WARN_OBJC_LITERAL_CONVERSION = YES;
				CLANG_WARN_OBJC_ROOT_CLASS = YES_ERROR;
				CLANG_WARN_RANGE_LOOP_ANALYSIS = YES;
				CLANG_WARN_STRICT_PROTOTYPES = YES;
				CLANG_WARN_SUSPICIOUS_MOVE = YES;
				CLANG_WARN_UNGUARDED_AVAILABILITY = YES_AGGRESSIVE;
				CLANG_WARN_UNREACHABLE_CODE = YES;
				CLANG_WARN__DUPLICATE_METHOD_MATCH = YES;
				CODE_SIGN_IDENTITY = "iPhone Developer";
				COPY_PHASE_STRIP = NO;
				DEBUG_INFORMATION_FORMAT = dwarf;
				ENABLE_STRICT_OBJC_MSGSEND = YES;
				ENABLE_TESTABILITY = YES;
				GCC_C_LANGUAGE_STANDARD = gnu11;
				GCC_DYNAMIC_NO_PIC = NO;
				GCC_NO_COMMON_BLOCKS = YES;
				GCC_OPTIMIZATION_LEVEL = 0;
				GCC_PREPROCESSOR_DEFINITIONS = (
					"DEBUG=1",
					"$(inherited)",
				);
				GCC_WARN_64_TO_32_BIT_CONVERSION = YES;
				GCC_WARN_ABOUT_RETURN_TYPE = YES_ERROR;
				GCC_WARN_UNDECLARED_SELECTOR = YES;
				GCC_WARN_UNINITIALIZED_AUTOS = YES_AGGRESSIVE;
				GCC_WARN_UNUSED_FUNCTION = YES;
				GCC_WARN_UNUSED_VARIABLE = YES;
				IPHONEOS_DEPLOYMENT_TARGET = 11.2;
				MTL_ENABLE_DEBUG_INFO = INCLUDE_SOURCE;
				MTL_FAST_MATH = YES;
				ONLY_ACTIVE_ARCH = YES;
				SDKROOT = iphoneos;
				SWIFT_ACTIVE_COMPILATION_CONDITIONS = DEBUG;
				SWIFT_OPTIMIZATION_LEVEL = "-Onone";
			};
			name = Debug;
		};
		52166E0121E147CD007C5BEF /* Release */ = {
			isa = XCBuildConfiguration;
			buildSettings = {
				ALWAYS_SEARCH_USER_PATHS = NO;
				CLANG_ANALYZER_NONNULL = YES;
				CLANG_ANALYZER_NUMBER_OBJECT_CONVERSION = YES_AGGRESSIVE;
				CLANG_CXX_LANGUAGE_STANDARD = "gnu++14";
				CLANG_CXX_LIBRARY = "libc++";
				CLANG_ENABLE_MODULES = YES;
				CLANG_ENABLE_OBJC_ARC = YES;
				CLANG_ENABLE_OBJC_WEAK = YES;
				CLANG_WARN_BLOCK_CAPTURE_AUTORELEASING = YES;
				CLANG_WARN_BOOL_CONVERSION = YES;
				CLANG_WARN_COMMA = YES;
				CLANG_WARN_CONSTANT_CONVERSION = YES;
				CLANG_WARN_DEPRECATED_OBJC_IMPLEMENTATIONS = YES;
				CLANG_WARN_DIRECT_OBJC_ISA_USAGE = YES_ERROR;
				CLANG_WARN_DOCUMENTATION_COMMENTS = YES;
				CLANG_WARN_EMPTY_BODY = YES;
				CLANG_WARN_ENUM_CONVERSION = YES;
				CLANG_WARN_INFINITE_RECURSION = YES;
				CLANG_WARN_INT_CONVERSION = YES;
				CLANG_WARN_NON_LITERAL_NULL_CONVERSION = YES;
				CLANG_WARN_OBJC_IMPLICIT_RETAIN_SELF = YES;
				CLANG_WARN_OBJC_LITERAL_CONVERSION = YES;
				CLANG_WARN_OBJC_ROOT_CLASS = YES_ERROR;
				CLANG_WARN_RANGE_LOOP_ANALYSIS = YES;
				CLANG_WARN_STRICT_PROTOTYPES = YES;
				CLANG_WARN_SUSPICIOUS_MOVE = YES;
				CLANG_WARN_UNGUARDED_AVAILABILITY = YES_AGGRESSIVE;
				CLANG_WARN_UNREACHABLE_CODE = YES;
				CLANG_WARN__DUPLICATE_METHOD_MATCH = YES;
				CODE_SIGN_IDENTITY = "iPhone Developer";
				COPY_PHASE_STRIP = NO;
				DEBUG_INFORMATION_FORMAT = "dwarf-with-dsym";
				ENABLE_NS_ASSERTIONS = NO;
				ENABLE_STRICT_OBJC_MSGSEND = YES;
				GCC_C_LANGUAGE_STANDARD = gnu11;
				GCC_NO_COMMON_BLOCKS = YES;
				GCC_WARN_64_TO_32_BIT_CONVERSION = YES;
				GCC_WARN_ABOUT_RETURN_TYPE = YES_ERROR;
				GCC_WARN_UNDECLARED_SELECTOR = YES;
				GCC_WARN_UNINITIALIZED_AUTOS = YES_AGGRESSIVE;
				GCC_WARN_UNUSED_FUNCTION = YES;
				GCC_WARN_UNUSED_VARIABLE = YES;
				IPHONEOS_DEPLOYMENT_TARGET = 11.2;
				MTL_ENABLE_DEBUG_INFO = NO;
				MTL_FAST_MATH = YES;
				SDKROOT = iphoneos;
				SWIFT_COMPILATION_MODE = wholemodule;
				SWIFT_OPTIMIZATION_LEVEL = "-O";
				VALIDATE_PRODUCT = YES;
			};
			name = Release;
		};
		52166E0321E147CD007C5BEF /* Debug */ = {
			isa = XCBuildConfiguration;
			buildSettings = {
				ASSETCATALOG_COMPILER_APPICON_NAME = AppIcon;
				CODE_SIGN_STYLE = Automatic;
				DEVELOPMENT_TEAM = KP6QM9KAVD;
				INFOPLIST_FILE = P9/Info.plist;
				LD_RUNPATH_SEARCH_PATHS = (
					"$(inherited)",
					"@executable_path/Frameworks",
				);
				PRODUCT_BUNDLE_IDENTIFIER = com.dylan.P9;
				PRODUCT_NAME = "$(TARGET_NAME)";
				SWIFT_VERSION = 4.2;
				TARGETED_DEVICE_FAMILY = "1,2";
			};
			name = Debug;
		};
		52166E0421E147CD007C5BEF /* Release */ = {
			isa = XCBuildConfiguration;
			buildSettings = {
				ASSETCATALOG_COMPILER_APPICON_NAME = AppIcon;
				CODE_SIGN_STYLE = Automatic;
				DEVELOPMENT_TEAM = KP6QM9KAVD;
				INFOPLIST_FILE = P9/Info.plist;
				LD_RUNPATH_SEARCH_PATHS = (
					"$(inherited)",
					"@executable_path/Frameworks",
				);
				PRODUCT_BUNDLE_IDENTIFIER = com.dylan.P9;
				PRODUCT_NAME = "$(TARGET_NAME)";
				SWIFT_VERSION = 4.2;
				TARGETED_DEVICE_FAMILY = "1,2";
			};
			name = Release;
		};
		52166E0621E147CD007C5BEF /* Debug */ = {
			isa = XCBuildConfiguration;
			buildSettings = {
				ALWAYS_EMBED_SWIFT_STANDARD_LIBRARIES = YES;
				BUNDLE_LOADER = "$(TEST_HOST)";
				CODE_SIGN_STYLE = Automatic;
				DEVELOPMENT_TEAM = KP6QM9KAVD;
				INFOPLIST_FILE = P9Tests/Info.plist;
				LD_RUNPATH_SEARCH_PATHS = (
					"$(inherited)",
					"@executable_path/Frameworks",
					"@loader_path/Frameworks",
				);
				PRODUCT_BUNDLE_IDENTIFIER = com.dylan.P9Tests;
				PRODUCT_NAME = "$(TARGET_NAME)";
				SWIFT_VERSION = 4.2;
				TARGETED_DEVICE_FAMILY = "1,2";
				TEST_HOST = "$(BUILT_PRODUCTS_DIR)/P9.app/P9";
			};
			name = Debug;
		};
		52166E0721E147CD007C5BEF /* Release */ = {
			isa = XCBuildConfiguration;
			buildSettings = {
				ALWAYS_EMBED_SWIFT_STANDARD_LIBRARIES = YES;
				BUNDLE_LOADER = "$(TEST_HOST)";
				CODE_SIGN_STYLE = Automatic;
				DEVELOPMENT_TEAM = KP6QM9KAVD;
				INFOPLIST_FILE = P9Tests/Info.plist;
				LD_RUNPATH_SEARCH_PATHS = (
					"$(inherited)",
					"@executable_path/Frameworks",
					"@loader_path/Frameworks",
				);
				PRODUCT_BUNDLE_IDENTIFIER = com.dylan.P9Tests;
				PRODUCT_NAME = "$(TARGET_NAME)";
				SWIFT_VERSION = 4.2;
				TARGETED_DEVICE_FAMILY = "1,2";
				TEST_HOST = "$(BUILT_PRODUCTS_DIR)/P9.app/P9";
			};
			name = Release;
		};
/* End XCBuildConfiguration section */

/* Begin XCConfigurationList section */
		52166DE021E147CC007C5BEF /* Build configuration list for PBXProject "P9" */ = {
			isa = XCConfigurationList;
			buildConfigurations = (
				52166E0021E147CD007C5BEF /* Debug */,
				52166E0121E147CD007C5BEF /* Release */,
			);
			defaultConfigurationIsVisible = 0;
			defaultConfigurationName = Release;
		};
		52166E0221E147CD007C5BEF /* Build configuration list for PBXNativeTarget "P9" */ = {
			isa = XCConfigurationList;
			buildConfigurations = (
				52166E0321E147CD007C5BEF /* Debug */,
				52166E0421E147CD007C5BEF /* Release */,
			);
			defaultConfigurationIsVisible = 0;
			defaultConfigurationName = Release;
		};
		52166E0521E147CD007C5BEF /* Build configuration list for PBXNativeTarget "P9Tests" */ = {
			isa = XCConfigurationList;
			buildConfigurations = (
				52166E0621E147CD007C5BEF /* Debug */,
				52166E0721E147CD007C5BEF /* Release */,
			);
			defaultConfigurationIsVisible = 0;
			defaultConfigurationName = Release;
		};
/* End XCConfigurationList section */
	};
	rootObject = 52166DDD21E147CC007C5BEF /* Project object */;
}
